
Microsoft Visual Studio Solution File, Format Version 12.00
# Visual Studio Version 17
VisualStudioVersion = 17.10.35013.160
MinimumVisualStudioVersion = 10.0.40219.1
Project("{FAE04EC0-301F-11D3-BF4B-00C04F79EFBC}") = "Console_Lesson_01", "Console_Lesson_01.csproj", "{91653EC3-31AE-417A-B2AF-6DEC613ED46C}"
EndProject
Global
	GlobalSection(SolutionConfigurationPlatforms) = preSolution
		Debug|Any CPU = Debug|Any CPU
		Release|Any CPU = Release|Any CPU
	EndGlobalSection
	GlobalSection(ProjectConfigurationPlatforms) = postSolution
		{91653EC3-31AE-417A-B2AF-6DEC613ED46C}.Debug|Any CPU.ActiveCfg = Debug|Any CPU
		{91653EC3-31AE-417A-B2AF-6DEC613ED46C}.Debug|Any CPU.Build.0 = Debug|Any CPU
		{91653EC3-31AE-417A-B2AF-6DEC613ED46C}.Release|Any CPU.ActiveCfg = Release|Any CPU
		{91653EC3-31AE-417A-B2AF-6DEC613ED46C}.Release|Any CPU.Build.0 = Release|Any CPU
	EndGlobalSection
	GlobalSection(SolutionProperties) = preSolution
		HideSolutionNode = FALSE
	EndGlobalSection
	GlobalSection(ExtensibilityGlobals) = postSolution
		SolutionGuid = {4B8F161A-DF8F-4987-AB90-26732E78E5F4}
	EndGlobalSection
EndGlobal
